
Microsoft Visual Studio Solution File, Format Version 12.00
# Visual Studio Version 17
VisualStudioVersion = 17.11.35222.181
MinimumVisualStudioVersion = 10.0.40219.1
Project("{9A19103F-16F7-4668-BE54-9A1E7A4F7556}") = "Async.Practica", "Async.Practica.csproj", "{9120D905-20D0-4D4F-B823-ED659E16F779}"
EndProject
Project("{2150E333-8FDC-42A3-9474-1A3956D46DE8}") = "Async", "Async", "{FF767A62-A98E-4F0F-8D88-127483D62AF4}"
	ProjectSection(SolutionItems) = preProject
		AsyncDemo.cs = AsyncDemo.cs
	EndProjectSection
EndProject
Project("{2150E333-8FDC-42A3-9474-1A3956D46DE8}") = "Linq", "Linq", "{859E2C9E-9D55-4FBA-BBC6-56A36A5CB350}"
	ProjectSection(SolutionItems) = preProject
		LinqDemo.cs = LinqDemo.cs
	EndProjectSection
EndProject
Global
	GlobalSection(SolutionConfigurationPlatforms) = preSolution
		Debug|Any CPU = Debug|Any CPU
		Release|Any CPU = Release|Any CPU
	EndGlobalSection
	GlobalSection(ProjectConfigurationPlatforms) = postSolution
		{9120D905-20D0-4D4F-B823-ED659E16F779}.Debug|Any CPU.ActiveCfg = Debug|Any CPU
		{9120D905-20D0-4D4F-B823-ED659E16F779}.Debug|Any CPU.Build.0 = Debug|Any CPU
		{9120D905-20D0-4D4F-B823-ED659E16F779}.Release|Any CPU.ActiveCfg = Release|Any CPU
		{9120D905-20D0-4D4F-B823-ED659E16F779}.Release|Any CPU.Build.0 = Release|Any CPU
	EndGlobalSection
	GlobalSection(SolutionProperties) = preSolution
		HideSolutionNode = FALSE
	EndGlobalSection
	GlobalSection(ExtensibilityGlobals) = postSolution
		SolutionGuid = {53458EDD-25FE-4082-B5C0-9E96736098C6}
	EndGlobalSection
EndGlobal
